<?xml version="1.0" encoding="UTF-8"?>
<CodeBlocks_project_file>
	<FileVersion major="1" minor="6"/>
	<Project>
		<Option title="Controller"/>
		<Option makefile_is_custom="1"/>
		<Option compiler="gcc"/>
		<Option virtualFolders="CMake Files\;CMake Files\..\;CMake Files\..\..\;CMake Files\..\..\..\;CMake Files\..\..\..\..\;CMake Files\..\..\..\..\..\;CMake Files\..\..\..\..\..\usr\;CMake Files\..\..\..\..\..\usr\lib\;CMake Files\..\..\..\..\..\usr\lib\x86_64-linux-gnu\;CMake Files\..\..\..\..\..\usr\lib\x86_64-linux-gnu\cmake\;CMake Files\..\..\..\..\..\usr\lib\x86_64-linux-gnu\cmake\Qt5\;CMake Files\..\..\..\..\..\usr\lib\x86_64-linux-gnu\cmake\Qt5Core\;CMake Files\..\..\..\..\..\usr\lib\x86_64-linux-gnu\cmake\Qt5Sql\;CMake Files\..\..\..\..\..\usr\lib\x86_64-linux-gnu\cmake\rl-0.7.0\;CMake Files\..\..\..\..\..\usr\lib\x86_64-linux-gnu\cmake\ur_rtde\;CMake Files\..\..\..\..\..\usr\lib\x86_64-linux-gnu\cmake\Boost-1.71.0\;CMake Files\..\..\..\..\..\usr\lib\x86_64-linux-gnu\cmake\boost_headers-1.71.0\;CMake Files\..\..\..\..\..\usr\lib\x86_64-linux-gnu\cmake\boost_system-1.71.0\;CMake Files\..\..\..\..\..\usr\lib\x86_64-linux-gnu\cmake\boost_thread-1.71.0\;CMake Files\..\..\..\..\..\usr\lib\x86_64-linux-gnu\cmake\boost_atomic-1.71.0\;CMake Files\..\..\..\..\..\usr\lib\cmake\;CMake Files\..\..\..\..\..\usr\lib\cmake\eigen3\;CMake Files\..\..\..\..\..\usr\local\;CMake Files\..\..\..\..\..\usr\local\lib\;CMake Files\..\..\..\..\..\usr\local\lib\cmake\;CMake Files\..\..\..\..\..\usr\local\lib\cmake\opencv4\;CMake Files\..\..\..\..\..\usr\local\share\;CMake Files\..\..\..\..\..\usr\local\share\eigen3\;CMake Files\..\..\..\..\..\usr\local\share\eigen3\cmake\;"/>
		<Build>
			<Target title="all">
				<Option working_dir="/home/victoria/Computerized_Alcoholism/Main/Controller/build-Controller-Desktop-Debug"/>
				<Option type="4"/>
				<MakeCommands>
					<Build command="/usr/bin/make -j12 -f &quot;/home/victoria/Computerized_Alcoholism/Main/Controller/build-Controller-Desktop-Debug/Makefile&quot;  VERBOSE=1 all"/>
					<CompileFile command="/usr/bin/make -j12 -f &quot;/home/victoria/Computerized_Alcoholism/Main/Controller/build-Controller-Desktop-Debug/Makefile&quot;  VERBOSE=1 &quot;$file&quot;"/>
					<Clean command="/usr/bin/make -j12 -f &quot;/home/victoria/Computerized_Alcoholism/Main/Controller/build-Controller-Desktop-Debug/Makefile&quot;  VERBOSE=1 clean"/>
					<DistClean command="/usr/bin/make -j12 -f &quot;/home/victoria/Computerized_Alcoholism/Main/Controller/build-Controller-Desktop-Debug/Makefile&quot;  VERBOSE=1 clean"/>
				</MakeCommands>
			</Target>
			<Target title="rebuild_cache">
				<Option working_dir="/home/victoria/Computerized_Alcoholism/Main/Controller/build-Controller-Desktop-Debug"/>
				<Option type="4"/>
				<MakeCommands>
					<Build command="/usr/bin/make -j12 -f &quot;/home/victoria/Computerized_Alcoholism/Main/Controller/build-Controller-Desktop-Debug/Makefile&quot;  VERBOSE=1 rebuild_cache"/>
					<CompileFile command="/usr/bin/make -j12 -f &quot;/home/victoria/Computerized_Alcoholism/Main/Controller/build-Controller-Desktop-Debug/Makefile&quot;  VERBOSE=1 &quot;$file&quot;"/>
					<Clean command="/usr/bin/make -j12 -f &quot;/home/victoria/Computerized_Alcoholism/Main/Controller/build-Controller-Desktop-Debug/Makefile&quot;  VERBOSE=1 clean"/>
					<DistClean command="/usr/bin/make -j12 -f &quot;/home/victoria/Computerized_Alcoholism/Main/Controller/build-Controller-Desktop-Debug/Makefile&quot;  VERBOSE=1 clean"/>
				</MakeCommands>
			</Target>
			<Target title="edit_cache">
				<Option working_dir="/home/victoria/Computerized_Alcoholism/Main/Controller/build-Controller-Desktop-Debug"/>
				<Option type="4"/>
				<MakeCommands>
					<Build command="/usr/bin/make -j12 -f &quot;/home/victoria/Computerized_Alcoholism/Main/Controller/build-Controller-Desktop-Debug/Makefile&quot;  VERBOSE=1 edit_cache"/>
					<CompileFile command="/usr/bin/make -j12 -f &quot;/home/victoria/Computerized_Alcoholism/Main/Controller/build-Controller-Desktop-Debug/Makefile&quot;  VERBOSE=1 &quot;$file&quot;"/>
					<Clean command="/usr/bin/make -j12 -f &quot;/home/victoria/Computerized_Alcoholism/Main/Controller/build-Controller-Desktop-Debug/Makefile&quot;  VERBOSE=1 clean"/>
					<DistClean command="/usr/bin/make -j12 -f &quot;/home/victoria/Computerized_Alcoholism/Main/Controller/build-Controller-Desktop-Debug/Makefile&quot;  VERBOSE=1 clean"/>
				</MakeCommands>
			</Target>
			<Target title="Controller">
				<Option output="/home/victoria/Computerized_Alcoholism/Main/Controller/build-Controller-Desktop-Debug/Controller" prefix_auto="0" extension_auto="0"/>
				<Option working_dir="/home/victoria/Computerized_Alcoholism/Main/Controller/build-Controller-Desktop-Debug"/>
				<Option object_output="./"/>
				<Option type="1"/>
				<Option compiler="gcc"/>
				<Compiler>
					<Add option="-DRL_MDL_NLOPT"/>
					<Add option="-DBOOST_ALL_NO_LIB"/>
					<Add option="-DLIBDC1394_VERSION_MAJOR=20"/>
					<Add option="-DRL_SG_BULLET"/>
					<Add option="-DCOIN_DLL"/>
					<Add option="-DRL_SG_ODE"/>
					<Add option="-DdDOUBLE"/>
					<Add option="-DRL_SG_SOLID"/>
					<Add option="-DBOOST_SYSTEM_DYN_LINK"/>
					<Add option="-DBOOST_THREAD_DYN_LINK"/>
					<Add option="-DBOOST_ATOMIC_DYN_LINK"/>
					<Add option="-DQT_SQL_LIB"/>
					<Add option="-DQT_CORE_LIB"/>
					<Add directory="/usr/include/rl-0.7.0/rl/std"/>
					<Add directory="/opt/pylon/include"/>
					<Add directory="/usr/local/include/opencv4"/>
					<Add directory="/usr/include/rl-0.7.0"/>
					<Add directory="/usr/include"/>
					<Add directory="/usr/include/eigen3"/>
					<Add directory="/usr/include/libxml2"/>
					<Add directory="/usr/include/bullet"/>
					<Add directory="/usr/local/include/eigen3"/>
					<Add directory="/usr/include/x86_64-linux-gnu/qt5"/>
					<Add directory="/usr/include/x86_64-linux-gnu/qt5/QtSql"/>
					<Add directory="/usr/include/x86_64-linux-gnu/qt5/QtCore"/>
					<Add directory="/usr/lib/x86_64-linux-gnu/qt5/mkspecs/linux-g++"/>
					<Add directory="/usr/include/c++/9"/>
					<Add directory="/usr/include/x86_64-linux-gnu/c++/9"/>
					<Add directory="/usr/include/c++/9/backward"/>
					<Add directory="/usr/lib/gcc/x86_64-linux-gnu/9/include"/>
					<Add directory="/usr/local/include"/>
					<Add directory="/usr/include/x86_64-linux-gnu"/>
				</Compiler>
				<MakeCommands>
					<Build command="/usr/bin/make -j12 -f &quot;/home/victoria/Computerized_Alcoholism/Main/Controller/build-Controller-Desktop-Debug/Makefile&quot;  VERBOSE=1 Controller"/>
					<CompileFile command="/usr/bin/make -j12 -f &quot;/home/victoria/Computerized_Alcoholism/Main/Controller/build-Controller-Desktop-Debug/Makefile&quot;  VERBOSE=1 &quot;$file&quot;"/>
					<Clean command="/usr/bin/make -j12 -f &quot;/home/victoria/Computerized_Alcoholism/Main/Controller/build-Controller-Desktop-Debug/Makefile&quot;  VERBOSE=1 clean"/>
					<DistClean command="/usr/bin/make -j12 -f &quot;/home/victoria/Computerized_Alcoholism/Main/Controller/build-Controller-Desktop-Debug/Makefile&quot;  VERBOSE=1 clean"/>
				</MakeCommands>
			</Target>
			<Target title="Controller/fast">
				<Option output="/home/victoria/Computerized_Alcoholism/Main/Controller/build-Controller-Desktop-Debug/Controller" prefix_auto="0" extension_auto="0"/>
				<Option working_dir="/home/victoria/Computerized_Alcoholism/Main/Controller/build-Controller-Desktop-Debug"/>
				<Option object_output="./"/>
				<Option type="1"/>
				<Option compiler="gcc"/>
				<Compiler>
					<Add option="-DRL_MDL_NLOPT"/>
					<Add option="-DBOOST_ALL_NO_LIB"/>
					<Add option="-DLIBDC1394_VERSION_MAJOR=20"/>
					<Add option="-DRL_SG_BULLET"/>
					<Add option="-DCOIN_DLL"/>
					<Add option="-DRL_SG_ODE"/>
					<Add option="-DdDOUBLE"/>
					<Add option="-DRL_SG_SOLID"/>
					<Add option="-DBOOST_SYSTEM_DYN_LINK"/>
					<Add option="-DBOOST_THREAD_DYN_LINK"/>
					<Add option="-DBOOST_ATOMIC_DYN_LINK"/>
					<Add option="-DQT_SQL_LIB"/>
					<Add option="-DQT_CORE_LIB"/>
					<Add directory="/usr/include/rl-0.7.0/rl/std"/>
					<Add directory="/opt/pylon/include"/>
					<Add directory="/usr/local/include/opencv4"/>
					<Add directory="/usr/include/rl-0.7.0"/>
					<Add directory="/usr/include"/>
					<Add directory="/usr/include/eigen3"/>
					<Add directory="/usr/include/libxml2"/>
					<Add directory="/usr/include/bullet"/>
					<Add directory="/usr/local/include/eigen3"/>
					<Add directory="/usr/include/x86_64-linux-gnu/qt5"/>
					<Add directory="/usr/include/x86_64-linux-gnu/qt5/QtSql"/>
					<Add directory="/usr/include/x86_64-linux-gnu/qt5/QtCore"/>
					<Add directory="/usr/lib/x86_64-linux-gnu/qt5/mkspecs/linux-g++"/>
					<Add directory="/usr/include/c++/9"/>
					<Add directory="/usr/include/x86_64-linux-gnu/c++/9"/>
					<Add directory="/usr/include/c++/9/backward"/>
					<Add directory="/usr/lib/gcc/x86_64-linux-gnu/9/include"/>
					<Add directory="/usr/local/include"/>
					<Add directory="/usr/include/x86_64-linux-gnu"/>
				</Compiler>
				<MakeCommands>
					<Build command="/usr/bin/make -j12 -f &quot;/home/victoria/Computerized_Alcoholism/Main/Controller/build-Controller-Desktop-Debug/Makefile&quot;  VERBOSE=1 Controller/fast"/>
					<CompileFile command="/usr/bin/make -j12 -f &quot;/home/victoria/Computerized_Alcoholism/Main/Controller/build-Controller-Desktop-Debug/Makefile&quot;  VERBOSE=1 &quot;$file&quot;"/>
					<Clean command="/usr/bin/make -j12 -f &quot;/home/victoria/Computerized_Alcoholism/Main/Controller/build-Controller-Desktop-Debug/Makefile&quot;  VERBOSE=1 clean"/>
					<DistClean command="/usr/bin/make -j12 -f &quot;/home/victoria/Computerized_Alcoholism/Main/Controller/build-Controller-Desktop-Debug/Makefile&quot;  VERBOSE=1 clean"/>
				</MakeCommands>
			</Target>
		</Build>
		<Unit filename="/home/victoria/Computerized_Alcoholism/Main/Controller/calib.cpp">
			<Option target="Controller"/>
		</Unit>
		<Unit filename="/home/victoria/Computerized_Alcoholism/Main/Controller/calib.h">
			<Option target="Controller"/>
		</Unit>
		<Unit filename="/home/victoria/Computerized_Alcoholism/Main/Controller/database.cpp">
			<Option target="Controller"/>
		</Unit>
		<Unit filename="/home/victoria/Computerized_Alcoholism/Main/Controller/database.h">
			<Option target="Controller"/>
		</Unit>
		<Unit filename="/home/victoria/Computerized_Alcoholism/Main/Controller/machinevision.cpp">
			<Option target="Controller"/>
		</Unit>
		<Unit filename="/home/victoria/Computerized_Alcoholism/Main/Controller/machinevision.h">
			<Option target="Controller"/>
		</Unit>
		<Unit filename="/home/victoria/Computerized_Alcoholism/Main/Controller/main.cpp">
			<Option target="Controller"/>
		</Unit>
		<Unit filename="/home/victoria/Computerized_Alcoholism/Main/Controller/projectilemotion.cpp">
			<Option target="Controller"/>
		</Unit>
		<Unit filename="/home/victoria/Computerized_Alcoholism/Main/Controller/projectilemotion.h">
			<Option target="Controller"/>
		</Unit>
		<Unit filename="/home/victoria/Computerized_Alcoholism/Main/Controller/robotcontroller.cpp">
			<Option target="Controller"/>
		</Unit>
		<Unit filename="/home/victoria/Computerized_Alcoholism/Main/Controller/robotcontroller.h">
			<Option target="Controller"/>
		</Unit>
		<Unit filename="/home/victoria/Computerized_Alcoholism/Main/Controller/CMakeLists.txt">
			<Option virtualFolder="CMake Files\"/>
		</Unit>
		<Unit filename="/home/victoria/Computerized_Alcoholism/Main/Controller/FindPylon.cmake">
			<Option virtualFolder="CMake Files\"/>
		</Unit>
		<Unit filename="/home/victoria/Computerized_Alcoholism/Main/Controller/../../../../../usr/lib/x86_64-linux-gnu/cmake/BoostDetectToolset-1.71.0.cmake">
			<Option virtualFolder="CMake Files\..\..\..\..\..\usr\lib\x86_64-linux-gnu\cmake\"/>
		</Unit>
		<Unit filename="/home/victoria/Computerized_Alcoholism/Main/Controller/../../../../../usr/lib/x86_64-linux-gnu/cmake/Qt5/Qt5Config.cmake">
			<Option virtualFolder="CMake Files\..\..\..\..\..\usr\lib\x86_64-linux-gnu\cmake\Qt5\"/>
		</Unit>
		<Unit filename="/home/victoria/Computerized_Alcoholism/Main/Controller/../../../../../usr/lib/x86_64-linux-gnu/cmake/Qt5/Qt5ConfigVersion.cmake">
			<Option virtualFolder="CMake Files\..\..\..\..\..\usr\lib\x86_64-linux-gnu\cmake\Qt5\"/>
		</Unit>
		<Unit filename="/home/victoria/Computerized_Alcoholism/Main/Controller/../../../../../usr/lib/x86_64-linux-gnu/cmake/Qt5/Qt5ModuleLocation.cmake">
			<Option virtualFolder="CMake Files\..\..\..\..\..\usr\lib\x86_64-linux-gnu\cmake\Qt5\"/>
		</Unit>
		<Unit filename="/home/victoria/Computerized_Alcoholism/Main/Controller/../../../../../usr/lib/x86_64-linux-gnu/cmake/Qt5Core/Qt5CoreConfig.cmake">
			<Option virtualFolder="CMake Files\..\..\..\..\..\usr\lib\x86_64-linux-gnu\cmake\Qt5Core\"/>
		</Unit>
		<Unit filename="/home/victoria/Computerized_Alcoholism/Main/Controller/../../../../../usr/lib/x86_64-linux-gnu/cmake/Qt5Core/Qt5CoreConfigExtras.cmake">
			<Option virtualFolder="CMake Files\..\..\..\..\..\usr\lib\x86_64-linux-gnu\cmake\Qt5Core\"/>
		</Unit>
		<Unit filename="/home/victoria/Computerized_Alcoholism/Main/Controller/../../../../../usr/lib/x86_64-linux-gnu/cmake/Qt5Core/Qt5CoreConfigExtrasMkspecDir.cmake">
			<Option virtualFolder="CMake Files\..\..\..\..\..\usr\lib\x86_64-linux-gnu\cmake\Qt5Core\"/>
		</Unit>
		<Unit filename="/home/victoria/Computerized_Alcoholism/Main/Controller/../../../../../usr/lib/x86_64-linux-gnu/cmake/Qt5Core/Qt5CoreConfigVersion.cmake">
			<Option virtualFolder="CMake Files\..\..\..\..\..\usr\lib\x86_64-linux-gnu\cmake\Qt5Core\"/>
		</Unit>
		<Unit filename="/home/victoria/Computerized_Alcoholism/Main/Controller/../../../../../usr/lib/x86_64-linux-gnu/cmake/Qt5Core/Qt5CoreMacros.cmake">
			<Option virtualFolder="CMake Files\..\..\..\..\..\usr\lib\x86_64-linux-gnu\cmake\Qt5Core\"/>
		</Unit>
		<Unit filename="/home/victoria/Computerized_Alcoholism/Main/Controller/../../../../../usr/lib/x86_64-linux-gnu/cmake/Qt5Sql/Qt5SqlConfig.cmake">
			<Option virtualFolder="CMake Files\..\..\..\..\..\usr\lib\x86_64-linux-gnu\cmake\Qt5Sql\"/>
		</Unit>
		<Unit filename="/home/victoria/Computerized_Alcoholism/Main/Controller/../../../../../usr/lib/x86_64-linux-gnu/cmake/Qt5Sql/Qt5SqlConfigVersion.cmake">
			<Option virtualFolder="CMake Files\..\..\..\..\..\usr\lib\x86_64-linux-gnu\cmake\Qt5Sql\"/>
		</Unit>
		<Unit filename="/home/victoria/Computerized_Alcoholism/Main/Controller/../../../../../usr/lib/x86_64-linux-gnu/cmake/rl-0.7.0/rl-config-version.cmake">
			<Option virtualFolder="CMake Files\..\..\..\..\..\usr\lib\x86_64-linux-gnu\cmake\rl-0.7.0\"/>
		</Unit>
		<Unit filename="/home/victoria/Computerized_Alcoholism/Main/Controller/../../../../../usr/lib/x86_64-linux-gnu/cmake/rl-0.7.0/rl-config.cmake">
			<Option virtualFolder="CMake Files\..\..\..\..\..\usr\lib\x86_64-linux-gnu\cmake\rl-0.7.0\"/>
		</Unit>
		<Unit filename="/home/victoria/Computerized_Alcoholism/Main/Controller/../../../../../usr/lib/x86_64-linux-gnu/cmake/rl-0.7.0/rl-export-relwithdebinfo.cmake">
			<Option virtualFolder="CMake Files\..\..\..\..\..\usr\lib\x86_64-linux-gnu\cmake\rl-0.7.0\"/>
		</Unit>
		<Unit filename="/home/victoria/Computerized_Alcoholism/Main/Controller/../../../../../usr/lib/x86_64-linux-gnu/cmake/rl-0.7.0/rl-export.cmake">
			<Option virtualFolder="CMake Files\..\..\..\..\..\usr\lib\x86_64-linux-gnu\cmake\rl-0.7.0\"/>
		</Unit>
		<Unit filename="/home/victoria/Computerized_Alcoholism/Main/Controller/../../../../../usr/lib/x86_64-linux-gnu/cmake/ur_rtde/ur_rtdeBuildConfig.cmake">
			<Option virtualFolder="CMake Files\..\..\..\..\..\usr\lib\x86_64-linux-gnu\cmake\ur_rtde\"/>
		</Unit>
		<Unit filename="/home/victoria/Computerized_Alcoholism/Main/Controller/../../../../../usr/lib/x86_64-linux-gnu/cmake/ur_rtde/ur_rtdeConfig.cmake">
			<Option virtualFolder="CMake Files\..\..\..\..\..\usr\lib\x86_64-linux-gnu\cmake\ur_rtde\"/>
		</Unit>
		<Unit filename="/home/victoria/Computerized_Alcoholism/Main/Controller/../../../../../usr/lib/x86_64-linux-gnu/cmake/ur_rtde/ur_rtdeConfigVersion.cmake">
			<Option virtualFolder="CMake Files\..\..\..\..\..\usr\lib\x86_64-linux-gnu\cmake\ur_rtde\"/>
		</Unit>
		<Unit filename="/home/victoria/Computerized_Alcoholism/Main/Controller/../../../../../usr/lib/x86_64-linux-gnu/cmake/ur_rtde/ur_rtdeTargets-none.cmake">
			<Option virtualFolder="CMake Files\..\..\..\..\..\usr\lib\x86_64-linux-gnu\cmake\ur_rtde\"/>
		</Unit>
		<Unit filename="/home/victoria/Computerized_Alcoholism/Main/Controller/../../../../../usr/lib/x86_64-linux-gnu/cmake/ur_rtde/ur_rtdeTargets.cmake">
			<Option virtualFolder="CMake Files\..\..\..\..\..\usr\lib\x86_64-linux-gnu\cmake\ur_rtde\"/>
		</Unit>
		<Unit filename="/home/victoria/Computerized_Alcoholism/Main/Controller/../../../../../usr/lib/x86_64-linux-gnu/cmake/Boost-1.71.0/BoostConfig.cmake">
			<Option virtualFolder="CMake Files\..\..\..\..\..\usr\lib\x86_64-linux-gnu\cmake\Boost-1.71.0\"/>
		</Unit>
		<Unit filename="/home/victoria/Computerized_Alcoholism/Main/Controller/../../../../../usr/lib/x86_64-linux-gnu/cmake/Boost-1.71.0/BoostConfigVersion.cmake">
			<Option virtualFolder="CMake Files\..\..\..\..\..\usr\lib\x86_64-linux-gnu\cmake\Boost-1.71.0\"/>
		</Unit>
		<Unit filename="/home/victoria/Computerized_Alcoholism/Main/Controller/../../../../../usr/lib/x86_64-linux-gnu/cmake/boost_headers-1.71.0/boost_headers-config-version.cmake">
			<Option virtualFolder="CMake Files\..\..\..\..\..\usr\lib\x86_64-linux-gnu\cmake\boost_headers-1.71.0\"/>
		</Unit>
		<Unit filename="/home/victoria/Computerized_Alcoholism/Main/Controller/../../../../../usr/lib/x86_64-linux-gnu/cmake/boost_headers-1.71.0/boost_headers-config.cmake">
			<Option virtualFolder="CMake Files\..\..\..\..\..\usr\lib\x86_64-linux-gnu\cmake\boost_headers-1.71.0\"/>
		</Unit>
		<Unit filename="/home/victoria/Computerized_Alcoholism/Main/Controller/../../../../../usr/lib/x86_64-linux-gnu/cmake/boost_system-1.71.0/boost_system-config-version.cmake">
			<Option virtualFolder="CMake Files\..\..\..\..\..\usr\lib\x86_64-linux-gnu\cmake\boost_system-1.71.0\"/>
		</Unit>
		<Unit filename="/home/victoria/Computerized_Alcoholism/Main/Controller/../../../../../usr/lib/x86_64-linux-gnu/cmake/boost_system-1.71.0/boost_system-config.cmake">
			<Option virtualFolder="CMake Files\..\..\..\..\..\usr\lib\x86_64-linux-gnu\cmake\boost_system-1.71.0\"/>
		</Unit>
		<Unit filename="/home/victoria/Computerized_Alcoholism/Main/Controller/../../../../../usr/lib/x86_64-linux-gnu/cmake/boost_system-1.71.0/libboost_system-variant-shared.cmake">
			<Option virtualFolder="CMake Files\..\..\..\..\..\usr\lib\x86_64-linux-gnu\cmake\boost_system-1.71.0\"/>
		</Unit>
		<Unit filename="/home/victoria/Computerized_Alcoholism/Main/Controller/../../../../../usr/lib/x86_64-linux-gnu/cmake/boost_system-1.71.0/libboost_system-variant-static.cmake">
			<Option virtualFolder="CMake Files\..\..\..\..\..\usr\lib\x86_64-linux-gnu\cmake\boost_system-1.71.0\"/>
		</Unit>
		<Unit filename="/home/victoria/Computerized_Alcoholism/Main/Controller/../../../../../usr/lib/x86_64-linux-gnu/cmake/boost_thread-1.71.0/boost_thread-config-version.cmake">
			<Option virtualFolder="CMake Files\..\..\..\..\..\usr\lib\x86_64-linux-gnu\cmake\boost_thread-1.71.0\"/>
		</Unit>
		<Unit filename="/home/victoria/Computerized_Alcoholism/Main/Controller/../../../../../usr/lib/x86_64-linux-gnu/cmake/boost_thread-1.71.0/boost_thread-config.cmake">
			<Option virtualFolder="CMake Files\..\..\..\..\..\usr\lib\x86_64-linux-gnu\cmake\boost_thread-1.71.0\"/>
		</Unit>
		<Unit filename="/home/victoria/Computerized_Alcoholism/Main/Controller/../../../../../usr/lib/x86_64-linux-gnu/cmake/boost_thread-1.71.0/libboost_thread-variant-shared.cmake">
			<Option virtualFolder="CMake Files\..\..\..\..\..\usr\lib\x86_64-linux-gnu\cmake\boost_thread-1.71.0\"/>
		</Unit>
		<Unit filename="/home/victoria/Computerized_Alcoholism/Main/Controller/../../../../../usr/lib/x86_64-linux-gnu/cmake/boost_thread-1.71.0/libboost_thread-variant-static.cmake">
			<Option virtualFolder="CMake Files\..\..\..\..\..\usr\lib\x86_64-linux-gnu\cmake\boost_thread-1.71.0\"/>
		</Unit>
		<Unit filename="/home/victoria/Computerized_Alcoholism/Main/Controller/../../../../../usr/lib/x86_64-linux-gnu/cmake/boost_atomic-1.71.0/boost_atomic-config-version.cmake">
			<Option virtualFolder="CMake Files\..\..\..\..\..\usr\lib\x86_64-linux-gnu\cmake\boost_atomic-1.71.0\"/>
		</Unit>
		<Unit filename="/home/victoria/Computerized_Alcoholism/Main/Controller/../../../../../usr/lib/x86_64-linux-gnu/cmake/boost_atomic-1.71.0/boost_atomic-config.cmake">
			<Option virtualFolder="CMake Files\..\..\..\..\..\usr\lib\x86_64-linux-gnu\cmake\boost_atomic-1.71.0\"/>
		</Unit>
		<Unit filename="/home/victoria/Computerized_Alcoholism/Main/Controller/../../../../../usr/lib/x86_64-linux-gnu/cmake/boost_atomic-1.71.0/libboost_atomic-variant-shared.cmake">
			<Option virtualFolder="CMake Files\..\..\..\..\..\usr\lib\x86_64-linux-gnu\cmake\boost_atomic-1.71.0\"/>
		</Unit>
		<Unit filename="/home/victoria/Computerized_Alcoholism/Main/Controller/../../../../../usr/lib/x86_64-linux-gnu/cmake/boost_atomic-1.71.0/libboost_atomic-variant-static.cmake">
			<Option virtualFolder="CMake Files\..\..\..\..\..\usr\lib\x86_64-linux-gnu\cmake\boost_atomic-1.71.0\"/>
		</Unit>
		<Unit filename="/home/victoria/Computerized_Alcoholism/Main/Controller/../../../../../usr/lib/cmake/eigen3/Eigen3ConfigVersion.cmake">
			<Option virtualFolder="CMake Files\..\..\..\..\..\usr\lib\cmake\eigen3\"/>
		</Unit>
		<Unit filename="/home/victoria/Computerized_Alcoholism/Main/Controller/../../../../../usr/local/lib/cmake/opencv4/OpenCVConfig-version.cmake">
			<Option virtualFolder="CMake Files\..\..\..\..\..\usr\local\lib\cmake\opencv4\"/>
		</Unit>
		<Unit filename="/home/victoria/Computerized_Alcoholism/Main/Controller/../../../../../usr/local/lib/cmake/opencv4/OpenCVConfig.cmake">
			<Option virtualFolder="CMake Files\..\..\..\..\..\usr\local\lib\cmake\opencv4\"/>
		</Unit>
		<Unit filename="/home/victoria/Computerized_Alcoholism/Main/Controller/../../../../../usr/local/lib/cmake/opencv4/OpenCVModules-release.cmake">
			<Option virtualFolder="CMake Files\..\..\..\..\..\usr\local\lib\cmake\opencv4\"/>
		</Unit>
		<Unit filename="/home/victoria/Computerized_Alcoholism/Main/Controller/../../../../../usr/local/lib/cmake/opencv4/OpenCVModules.cmake">
			<Option virtualFolder="CMake Files\..\..\..\..\..\usr\local\lib\cmake\opencv4\"/>
		</Unit>
		<Unit filename="/home/victoria/Computerized_Alcoholism/Main/Controller/../../../../../usr/local/share/eigen3/cmake/Eigen3Config.cmake">
			<Option virtualFolder="CMake Files\..\..\..\..\..\usr\local\share\eigen3\cmake\"/>
		</Unit>
		<Unit filename="/home/victoria/Computerized_Alcoholism/Main/Controller/../../../../../usr/local/share/eigen3/cmake/Eigen3ConfigVersion.cmake">
			<Option virtualFolder="CMake Files\..\..\..\..\..\usr\local\share\eigen3\cmake\"/>
		</Unit>
		<Unit filename="/home/victoria/Computerized_Alcoholism/Main/Controller/../../../../../usr/local/share/eigen3/cmake/Eigen3Targets.cmake">
			<Option virtualFolder="CMake Files\..\..\..\..\..\usr\local\share\eigen3\cmake\"/>
		</Unit>
	</Project>
</CodeBlocks_project_file>
